
Microsoft Visual Studio Solution File, Format Version 12.00
# Visual Studio 15
VisualStudioVersion = 15.0.28307.539
MinimumVisualStudioVersion = 10.0.40219.1
Project("{FAE04EC0-301F-11D3-BF4B-00C04F79EFBC}") = "VelibWeb", "VelibWeb\VelibWeb.csproj", "{071D559A-68F1-4680-BEDC-27CAC7F979BE}"
EndProject
Project("{FAE04EC0-301F-11D3-BF4B-00C04F79EFBC}") = "VelibClient", "VelibClient\VelibClient.csproj", "{46998C77-842B-4631-9F67-167DA4E3310C}"
	ProjectSection(ProjectDependencies) = postProject
		{071D559A-68F1-4680-BEDC-27CAC7F979BE} = {071D559A-68F1-4680-BEDC-27CAC7F979BE}
	EndProjectSection
EndProject
Project("{FAE04EC0-301F-11D3-BF4B-00C04F79EFBC}") = "VelibConsoleClient", "VelibConsoleClient\VelibConsoleClient.csproj", "{74F01750-C791-4FE5-AF23-0D0A440E8F34}"
	ProjectSection(ProjectDependencies) = postProject
		{071D559A-68F1-4680-BEDC-27CAC7F979BE} = {071D559A-68F1-4680-BEDC-27CAC7F979BE}
	EndProjectSection
EndProject
Project("{FAE04EC0-301F-11D3-BF4B-00C04F79EFBC}") = "WebClientGoogle", "..\..\..\Downloads\WebClientGoogle\WebClientGoogle\WebClientGoogle.csproj", "{161A6DDD-4F92-4124-AF55-91181B114529}"
	ProjectSection(ProjectDependencies) = postProject
		{071D559A-68F1-4680-BEDC-27CAC7F979BE} = {071D559A-68F1-4680-BEDC-27CAC7F979BE}
	EndProjectSection
EndProject
Project("{FAE04EC0-301F-11D3-BF4B-00C04F79EFBC}") = "Monitor", "Monitor\Monitor.csproj", "{F7962E7B-A4C7-4586-87F0-BCFC215F0FB0}"
	ProjectSection(ProjectDependencies) = postProject
		{071D559A-68F1-4680-BEDC-27CAC7F979BE} = {071D559A-68F1-4680-BEDC-27CAC7F979BE}
	EndProjectSection
EndProject
Global
	GlobalSection(SolutionConfigurationPlatforms) = preSolution
		Debug|Any CPU = Debug|Any CPU
		Release|Any CPU = Release|Any CPU
	EndGlobalSection
	GlobalSection(ProjectConfigurationPlatforms) = postSolution
		{071D559A-68F1-4680-BEDC-27CAC7F979BE}.Debug|Any CPU.ActiveCfg = Debug|Any CPU
		{071D559A-68F1-4680-BEDC-27CAC7F979BE}.Debug|Any CPU.Build.0 = Debug|Any CPU
		{071D559A-68F1-4680-BEDC-27CAC7F979BE}.Release|Any CPU.ActiveCfg = Release|Any CPU
		{071D559A-68F1-4680-BEDC-27CAC7F979BE}.Release|Any CPU.Build.0 = Release|Any CPU
		{46998C77-842B-4631-9F67-167DA4E3310C}.Debug|Any CPU.ActiveCfg = Debug|Any CPU
		{46998C77-842B-4631-9F67-167DA4E3310C}.Debug|Any CPU.Build.0 = Debug|Any CPU
		{46998C77-842B-4631-9F67-167DA4E3310C}.Release|Any CPU.ActiveCfg = Release|Any CPU
		{46998C77-842B-4631-9F67-167DA4E3310C}.Release|Any CPU.Build.0 = Release|Any CPU
		{74F01750-C791-4FE5-AF23-0D0A440E8F34}.Debug|Any CPU.ActiveCfg = Debug|Any CPU
		{74F01750-C791-4FE5-AF23-0D0A440E8F34}.Debug|Any CPU.Build.0 = Debug|Any CPU
		{74F01750-C791-4FE5-AF23-0D0A440E8F34}.Release|Any CPU.ActiveCfg = Release|Any CPU
		{74F01750-C791-4FE5-AF23-0D0A440E8F34}.Release|Any CPU.Build.0 = Release|Any CPU
		{161A6DDD-4F92-4124-AF55-91181B114529}.Debug|Any CPU.ActiveCfg = Debug|Any CPU
		{161A6DDD-4F92-4124-AF55-91181B114529}.Debug|Any CPU.Build.0 = Debug|Any CPU
		{161A6DDD-4F92-4124-AF55-91181B114529}.Release|Any CPU.ActiveCfg = Release|Any CPU
		{161A6DDD-4F92-4124-AF55-91181B114529}.Release|Any CPU.Build.0 = Release|Any CPU
		{F7962E7B-A4C7-4586-87F0-BCFC215F0FB0}.Debug|Any CPU.ActiveCfg = Debug|Any CPU
		{F7962E7B-A4C7-4586-87F0-BCFC215F0FB0}.Debug|Any CPU.Build.0 = Debug|Any CPU
		{F7962E7B-A4C7-4586-87F0-BCFC215F0FB0}.Release|Any CPU.ActiveCfg = Release|Any CPU
		{F7962E7B-A4C7-4586-87F0-BCFC215F0FB0}.Release|Any CPU.Build.0 = Release|Any CPU
	EndGlobalSection
	GlobalSection(SolutionProperties) = preSolution
		HideSolutionNode = FALSE
	EndGlobalSection
	GlobalSection(ExtensibilityGlobals) = postSolution
		SolutionGuid = {B0D0336D-A3ED-49DD-AD74-603A361BB598}
	EndGlobalSection
EndGlobal
